
Microsoft Visual Studio Solution File, Format Version 12.00
# Visual Studio Version 16
VisualStudioVersion = 16.0.28803.156
MinimumVisualStudioVersion = 10.0.40219.1
Project("{FAE04EC0-301F-11D3-BF4B-00C04F79EFBC}") = "EANValidator.Core", "EANValidator.Core\EANValidator.Core.csproj", "{68D441CF-EEDD-4952-823A-191B318B525D}"
EndProject
Project("{FAE04EC0-301F-11D3-BF4B-00C04F79EFBC}") = "EANValidator.ConsoleApp", "EANValidator.ConsoleApp\EANValidator.ConsoleApp.csproj", "{3F02904C-2711-4C4E-BECC-1D77963B622E}"
EndProject
Project("{FAE04EC0-301F-11D3-BF4B-00C04F79EFBC}") = "EANValidator.UnitTest", "EANValidator.UnitTest\EANValidator.UnitTest.csproj", "{8E1128FC-73F3-4585-AEA2-33A9A0FB332C}"
EndProject
Global
	GlobalSection(SolutionConfigurationPlatforms) = preSolution
		Debug|Any CPU = Debug|Any CPU
		Release|Any CPU = Release|Any CPU
	EndGlobalSection
	GlobalSection(ProjectConfigurationPlatforms) = postSolution
		{68D441CF-EEDD-4952-823A-191B318B525D}.Debug|Any CPU.ActiveCfg = Debug|Any CPU
		{68D441CF-EEDD-4952-823A-191B318B525D}.Debug|Any CPU.Build.0 = Debug|Any CPU
		{68D441CF-EEDD-4952-823A-191B318B525D}.Release|Any CPU.ActiveCfg = Release|Any CPU
		{68D441CF-EEDD-4952-823A-191B318B525D}.Release|Any CPU.Build.0 = Release|Any CPU
		{3F02904C-2711-4C4E-BECC-1D77963B622E}.Debug|Any CPU.ActiveCfg = Debug|Any CPU
		{3F02904C-2711-4C4E-BECC-1D77963B622E}.Debug|Any CPU.Build.0 = Debug|Any CPU
		{3F02904C-2711-4C4E-BECC-1D77963B622E}.Release|Any CPU.ActiveCfg = Release|Any CPU
		{3F02904C-2711-4C4E-BECC-1D77963B622E}.Release|Any CPU.Build.0 = Release|Any CPU
		{8E1128FC-73F3-4585-AEA2-33A9A0FB332C}.Debug|Any CPU.ActiveCfg = Debug|Any CPU
		{8E1128FC-73F3-4585-AEA2-33A9A0FB332C}.Debug|Any CPU.Build.0 = Debug|Any CPU
		{8E1128FC-73F3-4585-AEA2-33A9A0FB332C}.Release|Any CPU.ActiveCfg = Release|Any CPU
		{8E1128FC-73F3-4585-AEA2-33A9A0FB332C}.Release|Any CPU.Build.0 = Release|Any CPU
	EndGlobalSection
	GlobalSection(SolutionProperties) = preSolution
		HideSolutionNode = FALSE
	EndGlobalSection
	GlobalSection(ExtensibilityGlobals) = postSolution
		SolutionGuid = {0C4E9E87-FDEF-4E30-980E-D88236288725}
	EndGlobalSection
EndGlobal
